
Microsoft Visual Studio Solution File, Format Version 12.00
# Visual Studio Version 17
VisualStudioVersion = 17.0.32014.148
MinimumVisualStudioVersion = 10.0.40219.1
Project("{FAE04EC0-301F-11D3-BF4B-00C04F79EFBC}") = "Ticketing System", "Ticketing System\Ticketing System.csproj", "{F490424B-83DD-41AB-A03A-ED4C5731EE2F}"
EndProject
Global
	GlobalSection(SolutionConfigurationPlatforms) = preSolution
		Debug|Any CPU = Debug|Any CPU
		Release|Any CPU = Release|Any CPU
	EndGlobalSection
	GlobalSection(ProjectConfigurationPlatforms) = postSolution
		{F490424B-83DD-41AB-A03A-ED4C5731EE2F}.Debug|Any CPU.ActiveCfg = Debug|Any CPU
		{F490424B-83DD-41AB-A03A-ED4C5731EE2F}.Debug|Any CPU.Build.0 = Debug|Any CPU
		{F490424B-83DD-41AB-A03A-ED4C5731EE2F}.Release|Any CPU.ActiveCfg = Release|Any CPU
		{F490424B-83DD-41AB-A03A-ED4C5731EE2F}.Release|Any CPU.Build.0 = Release|Any CPU
	EndGlobalSection
	GlobalSection(SolutionProperties) = preSolution
		HideSolutionNode = FALSE
	EndGlobalSection
	GlobalSection(ExtensibilityGlobals) = postSolution
		SolutionGuid = {4BFB2F86-8374-4418-AC7C-F64AC2473B60}
	EndGlobalSection
EndGlobal
